
Microsoft Visual Studio Solution File, Format Version 12.00
# Visual Studio Version 17
VisualStudioVersion = 17.1.32421.90
MinimumVisualStudioVersion = 10.0.40219.1
Project("{FAE04EC0-301F-11D3-BF4B-00C04F79EFBC}") = "PlanetDefense3", "PlanetDefense3\PlanetDefense3.csproj", "{1127A457-4063-4292-BE78-0B5A0326FF09}"
EndProject
Global
	GlobalSection(SolutionConfigurationPlatforms) = preSolution
		Debug|Any CPU = Debug|Any CPU
		Release|Any CPU = Release|Any CPU
	EndGlobalSection
	GlobalSection(ProjectConfigurationPlatforms) = postSolution
		{1127A457-4063-4292-BE78-0B5A0326FF09}.Debug|Any CPU.ActiveCfg = Debug|Any CPU
		{1127A457-4063-4292-BE78-0B5A0326FF09}.Debug|Any CPU.Build.0 = Debug|Any CPU
		{1127A457-4063-4292-BE78-0B5A0326FF09}.Release|Any CPU.ActiveCfg = Release|Any CPU
		{1127A457-4063-4292-BE78-0B5A0326FF09}.Release|Any CPU.Build.0 = Release|Any CPU
	EndGlobalSection
	GlobalSection(SolutionProperties) = preSolution
		HideSolutionNode = FALSE
	EndGlobalSection
	GlobalSection(ExtensibilityGlobals) = postSolution
		SolutionGuid = {41B55BAF-B05E-4502-982D-CCA79475BEE8}
	EndGlobalSection
EndGlobal
